Microsoft Visual Studio Solution File, Format Version 11.00
# Visual Studio 2008

Project("{9835651D-2FE2-8510-669E-33F7F2DD69CD}") = "GameOfMine", "Assembly-CSharp.csproj", "{5D960847-3C89-1A4A-5115-D13C2C06B6C7}"
EndProject
Project("{9835651D-2FE2-8510-669E-33F7F2DD69CD}") = "GameOfMine", "Assembly-CSharp-Editor.csproj", "{3DC6E584-ADB3-DE78-BBF8-95573A1A463A}"
EndProject
Global
	GlobalSection(SolutionConfigurationPlatforms) = preSolution
		Debug|Any CPU = Debug|Any CPU
		Release|Any CPU = Release|Any CPU
	EndGlobalSection
	GlobalSection(ProjectConfigurationPlatforms) = postSolution
		{5D960847-3C89-1A4A-5115-D13C2C06B6C7}.Debug|Any CPU.ActiveCfg = Debug|Any CPU
		{5D960847-3C89-1A4A-5115-D13C2C06B6C7}.Debug|Any CPU.Build.0 = Debug|Any CPU
		{5D960847-3C89-1A4A-5115-D13C2C06B6C7}.Release|Any CPU.ActiveCfg = Release|Any CPU
		{5D960847-3C89-1A4A-5115-D13C2C06B6C7}.Release|Any CPU.Build.0 = Release|Any CPU
		{3DC6E584-ADB3-DE78-BBF8-95573A1A463A}.Debug|Any CPU.ActiveCfg = Debug|Any CPU
		{3DC6E584-ADB3-DE78-BBF8-95573A1A463A}.Debug|Any CPU.Build.0 = Debug|Any CPU
		{3DC6E584-ADB3-DE78-BBF8-95573A1A463A}.Release|Any CPU.ActiveCfg = Release|Any CPU
		{3DC6E584-ADB3-DE78-BBF8-95573A1A463A}.Release|Any CPU.Build.0 = Release|Any CPU
	EndGlobalSection
	GlobalSection(SolutionProperties) = preSolution
		HideSolutionNode = FALSE
	EndGlobalSection
					GlobalSection(MonoDevelopProperties) = preSolution
		StartupItem = Assembly-CSharp.csproj
	EndGlobalSection

EndGlobal
